
Microsoft Visual Studio Solution File, Format Version 12.00
# Visual Studio 14
VisualStudioVersion = 14.0.23107.0
MinimumVisualStudioVersion = 10.0.40219.1
Project("{FAE04EC0-301F-11D3-BF4B-00C04F79EFBC}") = "Financiera.Dominio", "Financiera.Dominio\Financiera.Dominio.csproj", "{5D3D4AC8-73D5-4937-B49D-2585F01C1535}"
EndProject
Project("{FAE04EC0-301F-11D3-BF4B-00C04F79EFBC}") = "Financiera.Infraestructura", "Financiera.Infraestructura\Financiera.Infraestructura.csproj", "{F0958D4E-EC20-4F5D-B1D8-FFEE45E0940A}"
EndProject
Project("{FAE04EC0-301F-11D3-BF4B-00C04F79EFBC}") = "Financiera.Prueba", "Financiera.Prueba\Financiera.Prueba.csproj", "{51D08A9C-C13B-4847-BDEB-B9D4D8DD806B}"
EndProject
Global
	GlobalSection(SolutionConfigurationPlatforms) = preSolution
		Debug|Any CPU = Debug|Any CPU
		Release|Any CPU = Release|Any CPU
	EndGlobalSection
	GlobalSection(ProjectConfigurationPlatforms) = postSolution
		{5D3D4AC8-73D5-4937-B49D-2585F01C1535}.Debug|Any CPU.ActiveCfg = Debug|Any CPU
		{5D3D4AC8-73D5-4937-B49D-2585F01C1535}.Debug|Any CPU.Build.0 = Debug|Any CPU
		{5D3D4AC8-73D5-4937-B49D-2585F01C1535}.Release|Any CPU.ActiveCfg = Release|Any CPU
		{5D3D4AC8-73D5-4937-B49D-2585F01C1535}.Release|Any CPU.Build.0 = Release|Any CPU
		{F0958D4E-EC20-4F5D-B1D8-FFEE45E0940A}.Debug|Any CPU.ActiveCfg = Debug|Any CPU
		{F0958D4E-EC20-4F5D-B1D8-FFEE45E0940A}.Debug|Any CPU.Build.0 = Debug|Any CPU
		{F0958D4E-EC20-4F5D-B1D8-FFEE45E0940A}.Release|Any CPU.ActiveCfg = Release|Any CPU
		{F0958D4E-EC20-4F5D-B1D8-FFEE45E0940A}.Release|Any CPU.Build.0 = Release|Any CPU
		{51D08A9C-C13B-4847-BDEB-B9D4D8DD806B}.Debug|Any CPU.ActiveCfg = Debug|Any CPU
		{51D08A9C-C13B-4847-BDEB-B9D4D8DD806B}.Debug|Any CPU.Build.0 = Debug|Any CPU
		{51D08A9C-C13B-4847-BDEB-B9D4D8DD806B}.Release|Any CPU.ActiveCfg = Release|Any CPU
		{51D08A9C-C13B-4847-BDEB-B9D4D8DD806B}.Release|Any CPU.Build.0 = Release|Any CPU
	EndGlobalSection
	GlobalSection(SolutionProperties) = preSolution
		HideSolutionNode = FALSE
	EndGlobalSection
EndGlobal
